# THIS IS AN AUTOGENERATED FILE. DO NOT EDIT THIS FILE DIRECTLY.
# yarn lockfile v1


audiokeys@^0.1.1:
  version "0.1.1"
  resolved "https://registry.yarnpkg.com/audiokeys/-/audiokeys-0.1.1.tgz#49baf9e99bdef464ad5192f47ea332609ed3eb27"
  integrity sha512-6DRwo3gaeeX2OtotgCBRSSnPkEBog66dwoOplOnWlIZovD7G3ZaJxNDQhrJ37BfntyFWo/IdDVaY7ZOCxFEOpA==
