# THIS IS AN AUTOGENERATED FILE. DO NOT EDIT THIS FILE DIRECTLY.
# yarn lockfile v1


"@tonaljs/array@^3.2.3":
  version "3.2.3"
  resolved "https://registry.yarnpkg.com/@tonaljs/array/-/array-3.2.3.tgz#fe7bf97e732b5c96f093fe38ecf904abaac0fb4e"
  integrity sha512-JREVyC9N+pnJZIY/vTRQbPoTXbHmOCPiMTtG4FDVXt29D1wzTA1l3/NzadOkioVyn2hS21oGZz/wviknHBjH4g==
  dependencies:
    "@tonaljs/tonal" "^3.2.2"

"@tonaljs/chord-dictionary@^3.2.3":
  version "3.2.3"
  resolved "https://registry.yarnpkg.com/@tonaljs/chord-dictionary/-/chord-dictionary-3.2.3.tgz#bd424397568d2276c245f1d84391addf875a4147"
  integrity sha512-7aQFVb0K0zBqTSbn8bzeCnoiSyzWaZq2mZqGJq76neN2Bz5SavWhtuPO6hOMD7n2WVWv3mTn4l3CNBA3KYlsRQ==
  dependencies:
    "@tonaljs/interval" "^3.2.3"
    "@tonaljs/pcset" "^3.2.3"

"@tonaljs/interval@^3.2.3":
  version "3.2.3"
  resolved "https://registry.yarnpkg.com/@tonaljs/interval/-/interval-3.2.3.tgz#0548beb01bf7061acac5358f1737bbf4cc2501e3"
  integrity sha512-1b/3EWU1vnsLAt+GinozkhsnvwwEJJljkUJdCUZKLEHQ3J7RKGrGjlcz4YzMSXdxoc1Nar/Ipz2pyjkMkm3plA==
  dependencies:
    "@tonaljs/tonal" "^3.2.2"

"@tonaljs/pcset@^3.2.3":
  version "3.2.3"
  resolved "https://registry.yarnpkg.com/@tonaljs/pcset/-/pcset-3.2.3.tgz#4fa3a36d738a078cb37e530119160d29fb9fd56a"
  integrity sha512-4ggDGelRwlcyTNP17EsCiN7NWnekI5YMFUgZuypjQeLKfE5jlmA8mfOv5/uEfic6aq2MLpInOO4w9rlbMqO+Jw==
  dependencies:
    "@tonaljs/array" "^3.2.3"
    "@tonaljs/tonal" "^3.2.2"

"@tonaljs/scale-dictionary@^3.2.3":
  version "3.2.3"
  resolved "https://registry.yarnpkg.com/@tonaljs/scale-dictionary/-/scale-dictionary-3.2.3.tgz#1e46398c8e77d5d802da84bcd6681568a7128bcf"
  integrity sha512-Ba8lVAw9kvKsBGSt2nheKx+5FlCWdwW/y3FHxhUv9xhEnlfYJmMkFIcLqbldIyCjSj37RZNvbDZ1eKIac2Hh4w==
  dependencies:
    "@tonaljs/interval" "^3.2.3"
    "@tonaljs/pcset" "^3.2.3"

"@tonaljs/scale@^3.2.3":
  version "3.2.3"
  resolved "https://registry.yarnpkg.com/@tonaljs/scale/-/scale-3.2.3.tgz#96c31e63a06deab70305f9159c40cd1b0bc270ae"
  integrity sha512-vD1wjM1fQ2j9JlWt/XlvH9iMSLSKyFKfU2DtNL9kgJO0r4P2ho50hc1OdpKEBPSEDFzndACqRZda37g8yo2YMQ==
  dependencies:
    "@tonaljs/array" "^3.2.3"
    "@tonaljs/chord-dictionary" "^3.2.3"
    "@tonaljs/pcset" "^3.2.3"
    "@tonaljs/scale-dictionary" "^3.2.3"
    "@tonaljs/tonal" "^3.2.2"

"@tonaljs/tonal@^3.2.2":
  version "3.2.2"
  resolved "https://registry.yarnpkg.com/@tonaljs/tonal/-/tonal-3.2.2.tgz#c330987fe1730ee9bc929c50b2f51bfcc2861f90"
  integrity sha512-j03zV3gScWyN9uMFlNSB/oQSXYLYrzH2vgkLBo311+dW2t3ChXIqftTI99Z17eEiv2SphU15iQRIoX7xVum4WQ==

audiokeys@^0.1.1:
  version "0.1.1"
  resolved "https://registry.yarnpkg.com/audiokeys/-/audiokeys-0.1.1.tgz#49baf9e99bdef464ad5192f47ea332609ed3eb27"
  integrity sha512-6DRwo3gaeeX2OtotgCBRSSnPkEBog66dwoOplOnWlIZovD7G3ZaJxNDQhrJ37BfntyFWo/IdDVaY7ZOCxFEOpA==

lodash@^4.17.19:
  version "4.17.19"
  resolved "https://registry.yarnpkg.com/lodash/-/lodash-4.17.19.tgz#e48ddedbe30b3321783c5b4301fbd353bc1e4a4b"
  integrity sha512-JNvd8XER9GQX0v2qJgsaN/mzFCNA5BRe/j8JN9d+tWyGLSodKQHKFicdwNYzWwI3wjRnaKPsGj1XkBjx/F96DQ==

tone@^13.8.25:
  version "13.8.25"
  resolved "https://registry.yarnpkg.com/tone/-/tone-13.8.25.tgz#057eefb39d4c749524db0ca210e34303cdc3c025"
  integrity sha512-8QqmLn+/R+Urib/78zf93+NqFLddXS777kQO7+EbJHwqy+nmug+SJFRp2KIytT0LQY2sJBiopNb2ceHA8uQQJg==

webmidi@^2.5.1:
  version "2.5.1"
  resolved "https://registry.yarnpkg.com/webmidi/-/webmidi-2.5.1.tgz#e98b0bb5356afb5112aaff7eaac23606cf0b71d0"
  integrity sha512-rX9/vBBSnSZR04ZZcLWCe/ujOizH9f/Q9HX11+Zw+HHwOy7edUTbbC3Axc2RjoiDQ2W7RkK1tY4yv0nYSfUcJg==
